// !$*UTF8*$!
{
	archiveVersion = 1;
	classes = {
	};
	objectVersion = 56;
	objects = {

/* Begin PBXBuildFile section */
		003BB0312BCEBE2E0048D751 /* DeliveryCardView.swift in Sources */ = {isa = PBXBuildFile; fileRef = 003BB0302BCEBE2E0048D751 /* DeliveryCardView.swift */; };
		003BB0332BCEBE750048D751 /* UpcomingDeliveryCardView.swift in Sources */ = {isa = PBXBuildFile; fileRef = 003BB0322BCEBE750048D751 /* UpcomingDeliveryCardView.swift */; };
		003BB0352BCEBECE0048D751 /* ProductInfoCardView.swift in Sources */ = {isa = PBXBuildFile; fileRef = 003BB0342BCEBECE0048D751 /* ProductInfoCardView.swift */; };
		003BB0372BCEC2ED0048D751 /* OrderInfoView.swift in Sources */ = {isa = PBXBuildFile; fileRef = 003BB0362BCEC2ED0048D751 /* OrderInfoView.swift */; };
		ECADC82B2BCEFFD2002C51B1 /* SettingsView.swift in Sources */ = {isa = PBXBuildFile; fileRef = ECADC82A2BCEFFD2002C51B1 /* SettingsView.swift */; };
		ECEBD0642BC88497007F9D8A /* Front_EndApp.swift in Sources */ = {isa = PBXBuildFile; fileRef = ECEBD0632BC88497007F9D8A /* Front_EndApp.swift */; };
		ECEBD0682BC88499007F9D8A /* Assets.xcassets in Resources */ = {isa = PBXBuildFile; fileRef = ECEBD0672BC88499007F9D8A /* Assets.xcassets */; };
		ECEBD06B2BC88499007F9D8A /* Preview Assets.xcassets in Resources */ = {isa = PBXBuildFile; fileRef = ECEBD06A2BC88499007F9D8A /* Preview Assets.xcassets */; };
		ECEBD0752BC88499007F9D8A /* Front_EndTests.swift in Sources */ = {isa = PBXBuildFile; fileRef = ECEBD0742BC88499007F9D8A /* Front_EndTests.swift */; };
		ECEBD07F2BC88499007F9D8A /* Front_EndUITests.swift in Sources */ = {isa = PBXBuildFile; fileRef = ECEBD07E2BC88499007F9D8A /* Front_EndUITests.swift */; };
		ECEBD0812BC88499007F9D8A /* Front_EndUITestsLaunchTests.swift in Sources */ = {isa = PBXBuildFile; fileRef = ECEBD0802BC88499007F9D8A /* Front_EndUITestsLaunchTests.swift */; };
		ECEBD1452BC8CC89007F9D8A /* InputView.swift in Sources */ = {isa = PBXBuildFile; fileRef = ECEBD1442BC8CC89007F9D8A /* InputView.swift */; };
		ECEBD14B2BC93076007F9D8A /* User.swift in Sources */ = {isa = PBXBuildFile; fileRef = ECEBD14A2BC93076007F9D8A /* User.swift */; };
		ECEBD14F2BC93AD7007F9D8A /* AuthViewModel.swift in Sources */ = {isa = PBXBuildFile; fileRef = ECEBD14E2BC93AD7007F9D8A /* AuthViewModel.swift */; };
		ECEBD1522BC947EE007F9D8A /* NewOrderViewModel.swift in Sources */ = {isa = PBXBuildFile; fileRef = ECEBD1512BC947EE007F9D8A /* NewOrderViewModel.swift */; };
		ECEBD1552BC9692E007F9D8A /* LandingPageView.swift in Sources */ = {isa = PBXBuildFile; fileRef = ECEBD1542BC9692E007F9D8A /* LandingPageView.swift */; };
		ECEBD1592BC969D6007F9D8A /* LoginView.swift in Sources */ = {isa = PBXBuildFile; fileRef = ECEBD1582BC969D6007F9D8A /* LoginView.swift */; };
		ECEBD15B2BC969EF007F9D8A /* RegisterView.swift in Sources */ = {isa = PBXBuildFile; fileRef = ECEBD15A2BC969EF007F9D8A /* RegisterView.swift */; };
		ECEBD15D2BC96A0E007F9D8A /* ResetPasswordView.swift in Sources */ = {isa = PBXBuildFile; fileRef = ECEBD15C2BC96A0E007F9D8A /* ResetPasswordView.swift */; };
		ECEBD1652BC9DDA4007F9D8A /* ProductsDataService.swift in Sources */ = {isa = PBXBuildFile; fileRef = ECEBD1642BC9DDA4007F9D8A /* ProductsDataService.swift */; };
		ECEBD1692BC9EDE0007F9D8A /* Product.swift in Sources */ = {isa = PBXBuildFile; fileRef = ECEBD1682BC9EDE0007F9D8A /* Product.swift */; };
		ECEBD16B2BC9F1FB007F9D8A /* LoginDataService.swift in Sources */ = {isa = PBXBuildFile; fileRef = ECEBD16A2BC9F1FB007F9D8A /* LoginDataService.swift */; };
		ECEBD16D2BCA1377007F9D8A /* ContentView.swift in Sources */ = {isa = PBXBuildFile; fileRef = ECEBD16C2BCA1377007F9D8A /* ContentView.swift */; };
		ECEBD16F2BCC59A3007F9D8A /* NewOrderView.swift in Sources */ = {isa = PBXBuildFile; fileRef = ECEBD16E2BCC59A3007F9D8A /* NewOrderView.swift */; };
		ECEBD1712BCC59D1007F9D8A /* OrderHistoryView.swift in Sources */ = {isa = PBXBuildFile; fileRef = ECEBD1702BCC59D1007F9D8A /* OrderHistoryView.swift */; };
		ECEBD1792BCD472E007F9D8A /* Store.swift in Sources */ = {isa = PBXBuildFile; fileRef = ECEBD1782BCD472E007F9D8A /* Store.swift */; };
		ECEBD17C2BCE70A0007F9D8A /* StoresViewModel.swift in Sources */ = {isa = PBXBuildFile; fileRef = ECEBD17B2BCE70A0007F9D8A /* StoresViewModel.swift */; };
		ECEBD1802BCEA430007F9D8A /* ValidataionViewModel.swift in Sources */ = {isa = PBXBuildFile; fileRef = ECEBD17F2BCEA430007F9D8A /* ValidataionViewModel.swift */; };
/* End PBXBuildFile section */

/* Begin PBXContainerItemProxy section */
		ECEBD0712BC88499007F9D8A /* PBXContainerItemProxy */ = {
			isa = PBXContainerItemProxy;
			containerPortal = ECEBD0582BC88497007F9D8A /* Project object */;
			proxyType = 1;
			remoteGlobalIDString = ECEBD05F2BC88497007F9D8A;
			remoteInfo = "Front End";
		};
		ECEBD07B2BC88499007F9D8A /* PBXContainerItemProxy */ = {
			isa = PBXContainerItemProxy;
			containerPortal = ECEBD0582BC88497007F9D8A /* Project object */;
			proxyType = 1;
			remoteGlobalIDString = ECEBD05F2BC88497007F9D8A;
			remoteInfo = "Front End";
		};
/* End PBXContainerItemProxy section */

/* Begin PBXFileReference section */
		003BB0302BCEBE2E0048D751 /* DeliveryCardView.swift */ = {isa = PBXFileReference; lastKnownFileType = sourcecode.swift; path = DeliveryCardView.swift; sourceTree = "<group>"; };
		003BB0322BCEBE750048D751 /* UpcomingDeliveryCardView.swift */ = {isa = PBXFileReference; lastKnownFileType = sourcecode.swift; path = UpcomingDeliveryCardView.swift; sourceTree = "<group>"; };
		003BB0342BCEBECE0048D751 /* ProductInfoCardView.swift */ = {isa = PBXFileReference; lastKnownFileType = sourcecode.swift; path = ProductInfoCardView.swift; sourceTree = "<group>"; };
		003BB0362BCEC2ED0048D751 /* OrderInfoView.swift */ = {isa = PBXFileReference; lastKnownFileType = sourcecode.swift; path = OrderInfoView.swift; sourceTree = "<group>"; };
		ECADC82A2BCEFFD2002C51B1 /* SettingsView.swift */ = {isa = PBXFileReference; lastKnownFileType = sourcecode.swift; path = SettingsView.swift; sourceTree = "<group>"; };
		ECEBD0602BC88497007F9D8A /* Front End.app */ = {isa = PBXFileReference; explicitFileType = wrapper.application; includeInIndex = 0; path = "Front End.app"; sourceTree = BUILT_PRODUCTS_DIR; };
		ECEBD0632BC88497007F9D8A /* Front_EndApp.swift */ = {isa = PBXFileReference; lastKnownFileType = sourcecode.swift; path = Front_EndApp.swift; sourceTree = "<group>"; };
		ECEBD0672BC88499007F9D8A /* Assets.xcassets */ = {isa = PBXFileReference; lastKnownFileType = folder.assetcatalog; path = Assets.xcassets; sourceTree = "<group>"; };
		ECEBD06A2BC88499007F9D8A /* Preview Assets.xcassets */ = {isa = PBXFileReference; lastKnownFileType = folder.assetcatalog; path = "Preview Assets.xcassets"; sourceTree = "<group>"; };
		ECEBD0702BC88499007F9D8A /* Front EndTests.xctest */ = {isa = PBXFileReference; explicitFileType = wrapper.cfbundle; includeInIndex = 0; path = "Front EndTests.xctest"; sourceTree = BUILT_PRODUCTS_DIR; };
		ECEBD0742BC88499007F9D8A /* Front_EndTests.swift */ = {isa = PBXFileReference; lastKnownFileType = sourcecode.swift; path = Front_EndTests.swift; sourceTree = "<group>"; };
		ECEBD07A2BC88499007F9D8A /* Front EndUITests.xctest */ = {isa = PBXFileReference; explicitFileType = wrapper.cfbundle; includeInIndex = 0; path = "Front EndUITests.xctest"; sourceTree = BUILT_PRODUCTS_DIR; };
		ECEBD07E2BC88499007F9D8A /* Front_EndUITests.swift */ = {isa = PBXFileReference; lastKnownFileType = sourcecode.swift; path = Front_EndUITests.swift; sourceTree = "<group>"; };
		ECEBD0802BC88499007F9D8A /* Front_EndUITestsLaunchTests.swift */ = {isa = PBXFileReference; lastKnownFileType = sourcecode.swift; path = Front_EndUITestsLaunchTests.swift; sourceTree = "<group>"; };
		ECEBD1442BC8CC89007F9D8A /* InputView.swift */ = {isa = PBXFileReference; lastKnownFileType = sourcecode.swift; path = InputView.swift; sourceTree = "<group>"; };
		ECEBD14A2BC93076007F9D8A /* User.swift */ = {isa = PBXFileReference; lastKnownFileType = sourcecode.swift; path = User.swift; sourceTree = "<group>"; };
		ECEBD14E2BC93AD7007F9D8A /* AuthViewModel.swift */ = {isa = PBXFileReference; lastKnownFileType = sourcecode.swift; path = AuthViewModel.swift; sourceTree = "<group>"; };
		ECEBD1512BC947EE007F9D8A /* NewOrderViewModel.swift */ = {isa = PBXFileReference; lastKnownFileType = sourcecode.swift; path = NewOrderViewModel.swift; sourceTree = "<group>"; };
		ECEBD1532BC9552F007F9D8A /* Front-End-Info.plist */ = {isa = PBXFileReference; lastKnownFileType = text.plist; path = "Front-End-Info.plist"; sourceTree = SOURCE_ROOT; };
		ECEBD1542BC9692E007F9D8A /* LandingPageView.swift */ = {isa = PBXFileReference; lastKnownFileType = sourcecode.swift; path = LandingPageView.swift; sourceTree = "<group>"; };
		ECEBD1582BC969D6007F9D8A /* LoginView.swift */ = {isa = PBXFileReference; lastKnownFileType = sourcecode.swift; path = LoginView.swift; sourceTree = "<group>"; };
		ECEBD15A2BC969EF007F9D8A /* RegisterView.swift */ = {isa = PBXFileReference; lastKnownFileType = sourcecode.swift; path = RegisterView.swift; sourceTree = "<group>"; };
		ECEBD15C2BC96A0E007F9D8A /* ResetPasswordView.swift */ = {isa = PBXFileReference; lastKnownFileType = sourcecode.swift; path = ResetPasswordView.swift; sourceTree = "<group>"; };
		ECEBD1642BC9DDA4007F9D8A /* ProductsDataService.swift */ = {isa = PBXFileReference; lastKnownFileType = sourcecode.swift; path = ProductsDataService.swift; sourceTree = "<group>"; };
		ECEBD1682BC9EDE0007F9D8A /* Product.swift */ = {isa = PBXFileReference; lastKnownFileType = sourcecode.swift; path = Product.swift; sourceTree = "<group>"; };
		ECEBD16A2BC9F1FB007F9D8A /* LoginDataService.swift */ = {isa = PBXFileReference; lastKnownFileType = sourcecode.swift; path = LoginDataService.swift; sourceTree = "<group>"; };
		ECEBD16C2BCA1377007F9D8A /* ContentView.swift */ = {isa = PBXFileReference; lastKnownFileType = sourcecode.swift; path = ContentView.swift; sourceTree = "<group>"; };
		ECEBD16E2BCC59A3007F9D8A /* NewOrderView.swift */ = {isa = PBXFileReference; lastKnownFileType = sourcecode.swift; path = NewOrderView.swift; sourceTree = "<group>"; };
		ECEBD1702BCC59D1007F9D8A /* OrderHistoryView.swift */ = {isa = PBXFileReference; lastKnownFileType = sourcecode.swift; path = OrderHistoryView.swift; sourceTree = "<group>"; };
		ECEBD1782BCD472E007F9D8A /* Store.swift */ = {isa = PBXFileReference; lastKnownFileType = sourcecode.swift; path = Store.swift; sourceTree = "<group>"; };
		ECEBD17B2BCE70A0007F9D8A /* StoresViewModel.swift */ = {isa = PBXFileReference; lastKnownFileType = sourcecode.swift; path = StoresViewModel.swift; sourceTree = "<group>"; };
		ECEBD17F2BCEA430007F9D8A /* ValidataionViewModel.swift */ = {isa = PBXFileReference; lastKnownFileType = sourcecode.swift; path = ValidataionViewModel.swift; sourceTree = "<group>"; };
/* End PBXFileReference section */

/* Begin PBXFrameworksBuildPhase section */
		ECEBD05D2BC88497007F9D8A /* Frameworks */ = {
			isa = PBXFrameworksBuildPhase;
			buildActionMask = 2147483647;
			files = (
			);
			runOnlyForDeploymentPostprocessing = 0;
		};
		ECEBD06D2BC88499007F9D8A /* Frameworks */ = {
			isa = PBXFrameworksBuildPhase;
			buildActionMask = 2147483647;
			files = (
			);
			runOnlyForDeploymentPostprocessing = 0;
		};
		ECEBD0772BC88499007F9D8A /* Frameworks */ = {
			isa = PBXFrameworksBuildPhase;
			buildActionMask = 2147483647;
			files = (
			);
			runOnlyForDeploymentPostprocessing = 0;
		};
/* End PBXFrameworksBuildPhase section */

/* Begin PBXGroup section */
		ECADC8292BCEFFC3002C51B1 /* Settings */ = {
			isa = PBXGroup;
			children = (
				ECADC82A2BCEFFD2002C51B1 /* SettingsView.swift */,
			);
			path = Settings;
			sourceTree = "<group>";
		};
		ECEBD0572BC88497007F9D8A = {
			isa = PBXGroup;
			children = (
				ECEBD0622BC88497007F9D8A /* Front End */,
				ECEBD0732BC88499007F9D8A /* Front EndTests */,
				ECEBD07D2BC88499007F9D8A /* Front EndUITests */,
				ECEBD0612BC88497007F9D8A /* Products */,
			);
			sourceTree = "<group>";
		};
		ECEBD0612BC88497007F9D8A /* Products */ = {
			isa = PBXGroup;
			children = (
				ECEBD0602BC88497007F9D8A /* Front End.app */,
				ECEBD0702BC88499007F9D8A /* Front EndTests.xctest */,
				ECEBD07A2BC88499007F9D8A /* Front EndUITests.xctest */,
			);
			name = Products;
			sourceTree = "<group>";
		};
		ECEBD0622BC88497007F9D8A /* Front End */ = {
			isa = PBXGroup;
			children = (
				ECEBD1532BC9552F007F9D8A /* Front-End-Info.plist */,
				ECEBD1422BC8CB90007F9D8A /* App */,
				ECEBD1412BC8CB7D007F9D8A /* Components */,
				ECEBD13F2BC8BF87007F9D8A /* Model */,
				ECEBD14D2BC93AB2007F9D8A /* View */,
				ECEBD14C2BC93A8B007F9D8A /* ViewModel */,
				ECEBD1632BC9DD7B007F9D8A /* Service */,
				ECEBD0672BC88499007F9D8A /* Assets.xcassets */,
				ECEBD0692BC88499007F9D8A /* Preview Content */,
			);
			path = "Front End";
			sourceTree = "<group>";
		};
		ECEBD0692BC88499007F9D8A /* Preview Content */ = {
			isa = PBXGroup;
			children = (
				ECEBD06A2BC88499007F9D8A /* Preview Assets.xcassets */,
			);
			path = "Preview Content";
			sourceTree = "<group>";
		};
		ECEBD0732BC88499007F9D8A /* Front EndTests */ = {
			isa = PBXGroup;
			children = (
				ECEBD0742BC88499007F9D8A /* Front_EndTests.swift */,
			);
			path = "Front EndTests";
			sourceTree = "<group>";
		};
		ECEBD07D2BC88499007F9D8A /* Front EndUITests */ = {
			isa = PBXGroup;
			children = (
				ECEBD07E2BC88499007F9D8A /* Front_EndUITests.swift */,
				ECEBD0802BC88499007F9D8A /* Front_EndUITestsLaunchTests.swift */,
			);
			path = "Front EndUITests";
			sourceTree = "<group>";
		};
		ECEBD13F2BC8BF87007F9D8A /* Model */ = {
			isa = PBXGroup;
			children = (
				ECEBD1672BC9EDCF007F9D8A /* Products */,
				ECEBD1502BC94384007F9D8A /* Authentication */,
				ECEBD1782BCD472E007F9D8A /* Store.swift */,
			);
			path = Model;
			sourceTree = "<group>";
		};
		ECEBD1412BC8CB7D007F9D8A /* Components */ = {
			isa = PBXGroup;
			children = (
				ECEBD1442BC8CC89007F9D8A /* InputView.swift */,
				003BB0302BCEBE2E0048D751 /* DeliveryCardView.swift */,
				003BB0322BCEBE750048D751 /* UpcomingDeliveryCardView.swift */,
				003BB0342BCEBECE0048D751 /* ProductInfoCardView.swift */,
			);
			path = Components;
			sourceTree = "<group>";
		};
		ECEBD1422BC8CB90007F9D8A /* App */ = {
			isa = PBXGroup;
			children = (
				ECEBD0632BC88497007F9D8A /* Front_EndApp.swift */,
				ECEBD16C2BCA1377007F9D8A /* ContentView.swift */,
			);
			path = App;
			sourceTree = "<group>";
		};
		ECEBD14C2BC93A8B007F9D8A /* ViewModel */ = {
			isa = PBXGroup;
			children = (
				ECEBD15E2BC96A27007F9D8A /* Authentication */,
				ECEBD1752BCC5BCA007F9D8A /* LandingPage */,
				ECEBD1762BCC5BDE007F9D8A /* OrderHistory */,
				ECEBD1772BCC5BED007F9D8A /* NewOrder */,
				ECEBD17B2BCE70A0007F9D8A /* StoresViewModel.swift */,
			);
			path = ViewModel;
			sourceTree = "<group>";
		};
		ECEBD14D2BC93AB2007F9D8A /* View */ = {
			isa = PBXGroup;
			children = (
				ECADC8292BCEFFC3002C51B1 /* Settings */,
				ECEBD1572BC969C8007F9D8A /* Authentication */,
				ECEBD1722BCC5B94007F9D8A /* LandingPage */,
				ECEBD1732BCC5BA3007F9D8A /* OrderHistory */,
				ECEBD1742BCC5BAF007F9D8A /* NewOrder */,
			);
			path = View;
			sourceTree = "<group>";
		};
		ECEBD1502BC94384007F9D8A /* Authentication */ = {
			isa = PBXGroup;
			children = (
				ECEBD14A2BC93076007F9D8A /* User.swift */,
			);
			path = Authentication;
			sourceTree = "<group>";
		};
		ECEBD1572BC969C8007F9D8A /* Authentication */ = {
			isa = PBXGroup;
			children = (
				ECEBD1582BC969D6007F9D8A /* LoginView.swift */,
				ECEBD15A2BC969EF007F9D8A /* RegisterView.swift */,
				ECEBD15C2BC96A0E007F9D8A /* ResetPasswordView.swift */,
			);
			path = Authentication;
			sourceTree = "<group>";
		};
		ECEBD15E2BC96A27007F9D8A /* Authentication */ = {
			isa = PBXGroup;
			children = (
				ECEBD14E2BC93AD7007F9D8A /* AuthViewModel.swift */,
				ECEBD17F2BCEA430007F9D8A /* ValidataionViewModel.swift */,
			);
			path = Authentication;
			sourceTree = "<group>";
		};
		ECEBD1632BC9DD7B007F9D8A /* Service */ = {
			isa = PBXGroup;
			children = (
				ECEBD1642BC9DDA4007F9D8A /* ProductsDataService.swift */,
				ECEBD16A2BC9F1FB007F9D8A /* LoginDataService.swift */,
			);
			path = Service;
			sourceTree = "<group>";
		};
		ECEBD1672BC9EDCF007F9D8A /* Products */ = {
			isa = PBXGroup;
			children = (
				ECEBD1682BC9EDE0007F9D8A /* Product.swift */,
			);
			path = Products;
			sourceTree = "<group>";
		};
		ECEBD1722BCC5B94007F9D8A /* LandingPage */ = {
			isa = PBXGroup;
			children = (
				ECEBD1542BC9692E007F9D8A /* LandingPageView.swift */,
				003BB0362BCEC2ED0048D751 /* OrderInfoView.swift */,
			);
			path = LandingPage;
			sourceTree = "<group>";
		};
		ECEBD1732BCC5BA3007F9D8A /* OrderHistory */ = {
			isa = PBXGroup;
			children = (
				ECEBD1702BCC59D1007F9D8A /* OrderHistoryView.swift */,
			);
			path = OrderHistory;
			sourceTree = "<group>";
		};
		ECEBD1742BCC5BAF007F9D8A /* NewOrder */ = {
			isa = PBXGroup;
			children = (
				ECEBD16E2BCC59A3007F9D8A /* NewOrderView.swift */,
			);
			path = NewOrder;
			sourceTree = "<group>";
		};
		ECEBD1752BCC5BCA007F9D8A /* LandingPage */ = {
			isa = PBXGroup;
			children = (
			);
			path = LandingPage;
			sourceTree = "<group>";
		};
		ECEBD1762BCC5BDE007F9D8A /* OrderHistory */ = {
			isa = PBXGroup;
			children = (
			);
			path = OrderHistory;
			sourceTree = "<group>";
		};
		ECEBD1772BCC5BED007F9D8A /* NewOrder */ = {
			isa = PBXGroup;
			children = (
				ECEBD1512BC947EE007F9D8A /* NewOrderViewModel.swift */,
			);
			path = NewOrder;
			sourceTree = "<group>";
		};
/* End PBXGroup section */

/* Begin PBXNativeTarget section */
		ECEBD05F2BC88497007F9D8A /* Front End */ = {
			isa = PBXNativeTarget;
			buildConfigurationList = ECEBD0842BC88499007F9D8A /* Build configuration list for PBXNativeTarget "Front End" */;
			buildPhases = (
				ECEBD05C2BC88497007F9D8A /* Sources */,
				ECEBD05D2BC88497007F9D8A /* Frameworks */,
				ECEBD05E2BC88497007F9D8A /* Resources */,
			);
			buildRules = (
			);
			dependencies = (
			);
			name = "Front End";
			productName = "Front End";
			productReference = ECEBD0602BC88497007F9D8A /* Front End.app */;
			productType = "com.apple.product-type.application";
		};
		ECEBD06F2BC88499007F9D8A /* Front EndTests */ = {
			isa = PBXNativeTarget;
			buildConfigurationList = ECEBD0872BC88499007F9D8A /* Build configuration list for PBXNativeTarget "Front EndTests" */;
			buildPhases = (
				ECEBD06C2BC88499007F9D8A /* Sources */,
				ECEBD06D2BC88499007F9D8A /* Frameworks */,
				ECEBD06E2BC88499007F9D8A /* Resources */,
			);
			buildRules = (
			);
			dependencies = (
				ECEBD0722BC88499007F9D8A /* PBXTargetDependency */,
			);
			name = "Front EndTests";
			productName = "Front EndTests";
			productReference = ECEBD0702BC88499007F9D8A /* Front EndTests.xctest */;
			productType = "com.apple.product-type.bundle.unit-test";
		};
		ECEBD0792BC88499007F9D8A /* Front EndUITests */ = {
			isa = PBXNativeTarget;
			buildConfigurationList = ECEBD08A2BC88499007F9D8A /* Build configuration list for PBXNativeTarget "Front EndUITests" */;
			buildPhases = (
				ECEBD0762BC88499007F9D8A /* Sources */,
				ECEBD0772BC88499007F9D8A /* Frameworks */,
				ECEBD0782BC88499007F9D8A /* Resources */,
			);
			buildRules = (
			);
			dependencies = (
				ECEBD07C2BC88499007F9D8A /* PBXTargetDependency */,
			);
			name = "Front EndUITests";
			productName = "Front EndUITests";
			productReference = ECEBD07A2BC88499007F9D8A /* Front EndUITests.xctest */;
			productType = "com.apple.product-type.bundle.ui-testing";
		};
/* End PBXNativeTarget section */

/* Begin PBXProject section */
		ECEBD0582BC88497007F9D8A /* Project object */ = {
			isa = PBXProject;
			attributes = {
				BuildIndependentTargetsInParallel = 1;
				LastSwiftUpdateCheck = 1520;
				LastUpgradeCheck = 1520;
				TargetAttributes = {
					ECEBD05F2BC88497007F9D8A = {
						CreatedOnToolsVersion = 15.2;
					};
					ECEBD06F2BC88499007F9D8A = {
						CreatedOnToolsVersion = 15.2;
						TestTargetID = ECEBD05F2BC88497007F9D8A;
					};
					ECEBD0792BC88499007F9D8A = {
						CreatedOnToolsVersion = 15.2;
						TestTargetID = ECEBD05F2BC88497007F9D8A;
					};
				};
			};
			buildConfigurationList = ECEBD05B2BC88497007F9D8A /* Build configuration list for PBXProject "Front End" */;
			compatibilityVersion = "Xcode 14.0";
			developmentRegion = en;
			hasScannedForEncodings = 0;
			knownRegions = (
				en,
				Base,
			);
			mainGroup = ECEBD0572BC88497007F9D8A;
			productRefGroup = ECEBD0612BC88497007F9D8A /* Products */;
			projectDirPath = "";
			projectRoot = "";
			targets = (
				ECEBD05F2BC88497007F9D8A /* Front End */,
				ECEBD06F2BC88499007F9D8A /* Front EndTests */,
				ECEBD0792BC88499007F9D8A /* Front EndUITests */,
			);
		};
/* End PBXProject section */

/* Begin PBXResourcesBuildPhase section */
		ECEBD05E2BC88497007F9D8A /* Resources */ = {
			isa = PBXResourcesBuildPhase;
			buildActionMask = 2147483647;
			files = (
				ECEBD06B2BC88499007F9D8A /* Preview Assets.xcassets in Resources */,
				ECEBD0682BC88499007F9D8A /* Assets.xcassets in Resources */,
			);
			runOnlyForDeploymentPostprocessing = 0;
		};
		ECEBD06E2BC88499007F9D8A /* Resources */ = {
			isa = PBXResourcesBuildPhase;
			buildActionMask = 2147483647;
			files = (
			);
			runOnlyForDeploymentPostprocessing = 0;
		};
		ECEBD0782BC88499007F9D8A /* Resources */ = {
			isa = PBXResourcesBuildPhase;
			buildActionMask = 2147483647;
			files = (
			);
			runOnlyForDeploymentPostprocessing = 0;
		};
/* End PBXResourcesBuildPhase section */

/* Begin PBXSourcesBuildPhase section */
		ECEBD05C2BC88497007F9D8A /* Sources */ = {
			isa = PBXSourcesBuildPhase;
			buildActionMask = 2147483647;
			files = (
				ECEBD16F2BCC59A3007F9D8A /* NewOrderView.swift in Sources */,
				ECADC82B2BCEFFD2002C51B1 /* SettingsView.swift in Sources */,
				ECEBD1522BC947EE007F9D8A /* NewOrderViewModel.swift in Sources */,
				ECEBD16D2BCA1377007F9D8A /* ContentView.swift in Sources */,
				ECEBD1712BCC59D1007F9D8A /* OrderHistoryView.swift in Sources */,
				ECEBD1692BC9EDE0007F9D8A /* Product.swift in Sources */,
				ECEBD14B2BC93076007F9D8A /* User.swift in Sources */,
				ECEBD1802BCEA430007F9D8A /* ValidataionViewModel.swift in Sources */,
				003BB0332BCEBE750048D751 /* UpcomingDeliveryCardView.swift in Sources */,
				ECEBD1452BC8CC89007F9D8A /* InputView.swift in Sources */,
				003BB0352BCEBECE0048D751 /* ProductInfoCardView.swift in Sources */,
				ECEBD17C2BCE70A0007F9D8A /* StoresViewModel.swift in Sources */,
				ECEBD1552BC9692E007F9D8A /* LandingPageView.swift in Sources */,
				ECEBD1652BC9DDA4007F9D8A /* ProductsDataService.swift in Sources */,
				ECEBD1792BCD472E007F9D8A /* Store.swift in Sources */,
				ECEBD0642BC88497007F9D8A /* Front_EndApp.swift in Sources */,
				ECEBD1592BC969D6007F9D8A /* LoginView.swift in Sources */,
				ECEBD15D2BC96A0E007F9D8A /* ResetPasswordView.swift in Sources */,
				ECEBD15B2BC969EF007F9D8A /* RegisterView.swift in Sources */,
				ECEBD16B2BC9F1FB007F9D8A /* LoginDataService.swift in Sources */,
				003BB0372BCEC2ED0048D751 /* OrderInfoView.swift in Sources */,
				003BB0312BCEBE2E0048D751 /* DeliveryCardView.swift in Sources */,
				ECEBD14F2BC93AD7007F9D8A /* AuthViewModel.swift in Sources */,
			);
			runOnlyForDeploymentPostprocessing = 0;
		};
		ECEBD06C2BC88499007F9D8A /* Sources */ = {
			isa = PBXSourcesBuildPhase;
			buildActionMask = 2147483647;
			files = (
				ECEBD0752BC88499007F9D8A /* Front_EndTests.swift in Sources */,
			);
			runOnlyForDeploymentPostprocessing = 0;
		};
		ECEBD0762BC88499007F9D8A /* Sources */ = {
			isa = PBXSourcesBuildPhase;
			buildActionMask = 2147483647;
			files = (
				ECEBD0812BC88499007F9D8A /* Front_EndUITestsLaunchTests.swift in Sources */,
				ECEBD07F2BC88499007F9D8A /* Front_EndUITests.swift in Sources */,
			);
			runOnlyForDeploymentPostprocessing = 0;
		};
/* End PBXSourcesBuildPhase section */

/* Begin PBXTargetDependency section */
		ECEBD0722BC88499007F9D8A /* PBXTargetDependency */ = {
			isa = PBXTargetDependency;
			target = ECEBD05F2BC88497007F9D8A /* Front End */;
			targetProxy = ECEBD0712BC88499007F9D8A /* PBXContainerItemProxy */;
		};
		ECEBD07C2BC88499007F9D8A /* PBXTargetDependency */ = {
			isa = PBXTargetDependency;
			target = ECEBD05F2BC88497007F9D8A /* Front End */;
			targetProxy = ECEBD07B2BC88499007F9D8A /* PBXContainerItemProxy */;
		};
/* End PBXTargetDependency section */

/* Begin XCBuildConfiguration section */
		ECEBD0822BC88499007F9D8A /* Debug */ = {
			isa = XCBuildConfiguration;
			buildSettings = {
				ALWAYS_SEARCH_USER_PATHS = NO;
				ASSETCATALOG_COMPILER_GENERATE_SWIFT_ASSET_SYMBOL_EXTENSIONS = YES;
				CLANG_ANALYZER_NONNULL = YES;
				CLANG_ANALYZER_NUMBER_OBJECT_CONVERSION = YES_AGGRESSIVE;
				CLANG_CXX_LANGUAGE_STANDARD = "gnu++20";
				CLANG_ENABLE_MODULES = YES;
				CLANG_ENABLE_OBJC_ARC = YES;
				CLANG_ENABLE_OBJC_WEAK = YES;
				CLANG_WARN_BLOCK_CAPTURE_AUTORELEASING = YES;
				CLANG_WARN_BOOL_CONVERSION = YES;
				CLANG_WARN_COMMA = YES;
				CLANG_WARN_CONSTANT_CONVERSION = YES;
				CLANG_WARN_DEPRECATED_OBJC_IMPLEMENTATIONS = YES;
				CLANG_WARN_DIRECT_OBJC_ISA_USAGE = YES_ERROR;
				CLANG_WARN_DOCUMENTATION_COMMENTS = YES;
				CLANG_WARN_EMPTY_BODY = YES;
				CLANG_WARN_ENUM_CONVERSION = YES;
				CLANG_WARN_INFINITE_RECURSION = YES;
				CLANG_WARN_INT_CONVERSION = YES;
				CLANG_WARN_NON_LITERAL_NULL_CONVERSION = YES;
				CLANG_WARN_OBJC_IMPLICIT_RETAIN_SELF = YES;
				CLANG_WARN_OBJC_LITERAL_CONVERSION = YES;
				CLANG_WARN_OBJC_ROOT_CLASS = YES_ERROR;
				CLANG_WARN_QUOTED_INCLUDE_IN_FRAMEWORK_HEADER = YES;
				CLANG_WARN_RANGE_LOOP_ANALYSIS = YES;
				CLANG_WARN_STRICT_PROTOTYPES = YES;
				CLANG_WARN_SUSPICIOUS_MOVE = YES;
				CLANG_WARN_UNGUARDED_AVAILABILITY = YES_AGGRESSIVE;
				CLANG_WARN_UNREACHABLE_CODE = YES;
				CLANG_WARN__DUPLICATE_METHOD_MATCH = YES;
				COPY_PHASE_STRIP = NO;
				DEBUG_INFORMATION_FORMAT = dwarf;
				ENABLE_STRICT_OBJC_MSGSEND = YES;
				ENABLE_TESTABILITY = YES;
				ENABLE_USER_SCRIPT_SANDBOXING = YES;
				GCC_C_LANGUAGE_STANDARD = gnu17;
				GCC_DYNAMIC_NO_PIC = NO;
				GCC_NO_COMMON_BLOCKS = YES;
				GCC_OPTIMIZATION_LEVEL = 0;
				GCC_PREPROCESSOR_DEFINITIONS = (
					"DEBUG=1",
					"$(inherited)",
				);
				GCC_WARN_64_TO_32_BIT_CONVERSION = YES;
				GCC_WARN_ABOUT_RETURN_TYPE = YES_ERROR;
				GCC_WARN_UNDECLARED_SELECTOR = YES;
				GCC_WARN_UNINITIALIZED_AUTOS = YES_AGGRESSIVE;
				GCC_WARN_UNUSED_FUNCTION = YES;
				GCC_WARN_UNUSED_VARIABLE = YES;
				IPHONEOS_DEPLOYMENT_TARGET = 17.2;
				LOCALIZATION_PREFERS_STRING_CATALOGS = YES;
				MTL_ENABLE_DEBUG_INFO = INCLUDE_SOURCE;
				MTL_FAST_MATH = YES;
				ONLY_ACTIVE_ARCH = YES;
				SDKROOT = iphoneos;
				SWIFT_ACTIVE_COMPILATION_CONDITIONS = "DEBUG $(inherited)";
				SWIFT_OPTIMIZATION_LEVEL = "-Onone";
			};
			name = Debug;
		};
		ECEBD0832BC88499007F9D8A /* Release */ = {
			isa = XCBuildConfiguration;
			buildSettings = {
				ALWAYS_SEARCH_USER_PATHS = NO;
				ASSETCATALOG_COMPILER_GENERATE_SWIFT_ASSET_SYMBOL_EXTENSIONS = YES;
				CLANG_ANALYZER_NONNULL = YES;
				CLANG_ANALYZER_NUMBER_OBJECT_CONVERSION = YES_AGGRESSIVE;
				CLANG_CXX_LANGUAGE_STANDARD = "gnu++20";
				CLANG_ENABLE_MODULES = YES;
				CLANG_ENABLE_OBJC_ARC = YES;
				CLANG_ENABLE_OBJC_WEAK = YES;
				CLANG_WARN_BLOCK_CAPTURE_AUTORELEASING = YES;
				CLANG_WARN_BOOL_CONVERSION = YES;
				CLANG_WARN_COMMA = YES;
				CLANG_WARN_CONSTANT_CONVERSION = YES;
				CLANG_WARN_DEPRECATED_OBJC_IMPLEMENTATIONS = YES;
				CLANG_WARN_DIRECT_OBJC_ISA_USAGE = YES_ERROR;
				CLANG_WARN_DOCUMENTATION_COMMENTS = YES;
				CLANG_WARN_EMPTY_BODY = YES;
				CLANG_WARN_ENUM_CONVERSION = YES;
				CLANG_WARN_INFINITE_RECURSION = YES;
				CLANG_WARN_INT_CONVERSION = YES;
				CLANG_WARN_NON_LITERAL_NULL_CONVERSION = YES;
				CLANG_WARN_OBJC_IMPLICIT_RETAIN_SELF = YES;
				CLANG_WARN_OBJC_LITERAL_CONVERSION = YES;
				CLANG_WARN_OBJC_ROOT_CLASS = YES_ERROR;
				CLANG_WARN_QUOTED_INCLUDE_IN_FRAMEWORK_HEADER = YES;
				CLANG_WARN_RANGE_LOOP_ANALYSIS = YES;
				CLANG_WARN_STRICT_PROTOTYPES = YES;
				CLANG_WARN_SUSPICIOUS_MOVE = YES;
				CLANG_WARN_UNGUARDED_AVAILABILITY = YES_AGGRESSIVE;
				CLANG_WARN_UNREACHABLE_CODE = YES;
				CLANG_WARN__DUPLICATE_METHOD_MATCH = YES;
				COPY_PHASE_STRIP = NO;
				DEBUG_INFORMATION_FORMAT = "dwarf-with-dsym";
				ENABLE_NS_ASSERTIONS = NO;
				ENABLE_STRICT_OBJC_MSGSEND = YES;
				ENABLE_USER_SCRIPT_SANDBOXING = YES;
				GCC_C_LANGUAGE_STANDARD = gnu17;
				GCC_NO_COMMON_BLOCKS = YES;
				GCC_WARN_64_TO_32_BIT_CONVERSION = YES;
				GCC_WARN_ABOUT_RETURN_TYPE = YES_ERROR;
				GCC_WARN_UNDECLARED_SELECTOR = YES;
				GCC_WARN_UNINITIALIZED_AUTOS = YES_AGGRESSIVE;
				GCC_WARN_UNUSED_FUNCTION = YES;
				GCC_WARN_UNUSED_VARIABLE = YES;
				IPHONEOS_DEPLOYMENT_TARGET = 17.2;
				LOCALIZATION_PREFERS_STRING_CATALOGS = YES;
				MTL_ENABLE_DEBUG_INFO = NO;
				MTL_FAST_MATH = YES;
				SDKROOT = iphoneos;
				SWIFT_COMPILATION_MODE = wholemodule;
				VALIDATE_PRODUCT = YES;
			};
			name = Release;
		};
		ECEBD0852BC88499007F9D8A /* Debug */ = {
			isa = XCBuildConfiguration;
			buildSettings = {
				ASSETCATALOG_COMPILER_APPICON_NAME = AppIcon;
				ASSETCATALOG_COMPILER_GLOBAL_ACCENT_COLOR_NAME = AccentColor;
				CODE_SIGN_STYLE = Automatic;
				CURRENT_PROJECT_VERSION = 1;
				DEVELOPMENT_ASSET_PATHS = "\"Front End/Preview Content\"";
				ENABLE_PREVIEWS = YES;
				GENERATE_INFOPLIST_FILE = YES;
				INFOPLIST_FILE = "Front-End-Info.plist";
				INFOPLIST_KEY_UIApplicationSceneManifest_Generation = YES;
				INFOPLIST_KEY_UIApplicationSupportsIndirectInputEvents = YES;
				INFOPLIST_KEY_UILaunchScreen_Generation = YES;
				INFOPLIST_KEY_UISupportedInterfaceOrientations_iPad = "UIInterfaceOrientationPortrait UIInterfaceOrientationPortraitUpsideDown UIInterfaceOrientationLandscapeLeft UIInterfaceOrientationLandscapeRight";
				INFOPLIST_KEY_UISupportedInterfaceOrientations_iPhone = "UIInterfaceOrientationPortrait UIInterfaceOrientationLandscapeLeft UIInterfaceOrientationLandscapeRight";
				LD_RUNPATH_SEARCH_PATHS = (
					"$(inherited)",
					"@executable_path/Frameworks",
				);
				MARKETING_VERSION = 1.0;
				PRODUCT_BUNDLE_IDENTIFIER = "no.ntnu.idata2900.group6.Front-End";
				PRODUCT_NAME = "$(TARGET_NAME)";
				SWIFT_EMIT_LOC_STRINGS = YES;
				SWIFT_VERSION = 5.0;
				TARGETED_DEVICE_FAMILY = "1,2";
			};
			name = Debug;
		};
		ECEBD0862BC88499007F9D8A /* Release */ = {
			isa = XCBuildConfiguration;
			buildSettings = {
				ASSETCATALOG_COMPILER_APPICON_NAME = AppIcon;
				ASSETCATALOG_COMPILER_GLOBAL_ACCENT_COLOR_NAME = AccentColor;
				CODE_SIGN_STYLE = Automatic;
				CURRENT_PROJECT_VERSION = 1;
				DEVELOPMENT_ASSET_PATHS = "\"Front End/Preview Content\"";
				ENABLE_PREVIEWS = YES;
				GENERATE_INFOPLIST_FILE = YES;
				INFOPLIST_FILE = "Front-End-Info.plist";
				INFOPLIST_KEY_UIApplicationSceneManifest_Generation = YES;
				INFOPLIST_KEY_UIApplicationSupportsIndirectInputEvents = YES;
				INFOPLIST_KEY_UILaunchScreen_Generation = YES;
				INFOPLIST_KEY_UISupportedInterfaceOrientations_iPad = "UIInterfaceOrientationPortrait UIInterfaceOrientationPortraitUpsideDown UIInterfaceOrientationLandscapeLeft UIInterfaceOrientationLandscapeRight";
				INFOPLIST_KEY_UISupportedInterfaceOrientations_iPhone = "UIInterfaceOrientationPortrait UIInterfaceOrientationLandscapeLeft UIInterfaceOrientationLandscapeRight";
				LD_RUNPATH_SEARCH_PATHS = (
					"$(inherited)",
					"@executable_path/Frameworks",
				);
				MARKETING_VERSION = 1.0;
				PRODUCT_BUNDLE_IDENTIFIER = "no.ntnu.idata2900.group6.Front-End";
				PRODUCT_NAME = "$(TARGET_NAME)";
				SWIFT_EMIT_LOC_STRINGS = YES;
				SWIFT_VERSION = 5.0;
				TARGETED_DEVICE_FAMILY = "1,2";
			};
			name = Release;
		};
		ECEBD0882BC88499007F9D8A /* Debug */ = {
			isa = XCBuildConfiguration;
			buildSettings = {
				ALWAYS_EMBED_SWIFT_STANDARD_LIBRARIES = YES;
				BUNDLE_LOADER = "$(TEST_HOST)";
				CODE_SIGN_STYLE = Automatic;
				CURRENT_PROJECT_VERSION = 1;
				GENERATE_INFOPLIST_FILE = YES;
				IPHONEOS_DEPLOYMENT_TARGET = 17.2;
				MARKETING_VERSION = 1.0;
				PRODUCT_BUNDLE_IDENTIFIER = "no.ntnu.idata2900.group6.Front-EndTests";
				PRODUCT_NAME = "$(TARGET_NAME)";
				SWIFT_EMIT_LOC_STRINGS = NO;
				SWIFT_VERSION = 5.0;
				TARGETED_DEVICE_FAMILY = "1,2";
				TEST_HOST = "$(BUILT_PRODUCTS_DIR)/Front End.app/$(BUNDLE_EXECUTABLE_FOLDER_PATH)/Front End";
			};
			name = Debug;
		};
		ECEBD0892BC88499007F9D8A /* Release */ = {
			isa = XCBuildConfiguration;
			buildSettings = {
				ALWAYS_EMBED_SWIFT_STANDARD_LIBRARIES = YES;
				BUNDLE_LOADER = "$(TEST_HOST)";
				CODE_SIGN_STYLE = Automatic;
				CURRENT_PROJECT_VERSION = 1;
				GENERATE_INFOPLIST_FILE = YES;
				IPHONEOS_DEPLOYMENT_TARGET = 17.2;
				MARKETING_VERSION = 1.0;
				PRODUCT_BUNDLE_IDENTIFIER = "no.ntnu.idata2900.group6.Front-EndTests";
				PRODUCT_NAME = "$(TARGET_NAME)";
				SWIFT_EMIT_LOC_STRINGS = NO;
				SWIFT_VERSION = 5.0;
				TARGETED_DEVICE_FAMILY = "1,2";
				TEST_HOST = "$(BUILT_PRODUCTS_DIR)/Front End.app/$(BUNDLE_EXECUTABLE_FOLDER_PATH)/Front End";
			};
			name = Release;
		};
		ECEBD08B2BC88499007F9D8A /* Debug */ = {
			isa = XCBuildConfiguration;
			buildSettings = {
				ALWAYS_EMBED_SWIFT_STANDARD_LIBRARIES = YES;
				CODE_SIGN_STYLE = Automatic;
				CURRENT_PROJECT_VERSION = 1;
				GENERATE_INFOPLIST_FILE = YES;
				MARKETING_VERSION = 1.0;
				PRODUCT_BUNDLE_IDENTIFIER = "no.ntnu.idata2900.group6.Front-EndUITests";
				PRODUCT_NAME = "$(TARGET_NAME)";
				SWIFT_EMIT_LOC_STRINGS = NO;
				SWIFT_VERSION = 5.0;
				TARGETED_DEVICE_FAMILY = "1,2";
				TEST_TARGET_NAME = "Front End";
			};
			name = Debug;
		};
		ECEBD08C2BC88499007F9D8A /* Release */ = {
			isa = XCBuildConfiguration;
			buildSettings = {
				ALWAYS_EMBED_SWIFT_STANDARD_LIBRARIES = YES;
				CODE_SIGN_STYLE = Automatic;
				CURRENT_PROJECT_VERSION = 1;
				GENERATE_INFOPLIST_FILE = YES;
				MARKETING_VERSION = 1.0;
				PRODUCT_BUNDLE_IDENTIFIER = "no.ntnu.idata2900.group6.Front-EndUITests";
				PRODUCT_NAME = "$(TARGET_NAME)";
				SWIFT_EMIT_LOC_STRINGS = NO;
				SWIFT_VERSION = 5.0;
				TARGETED_DEVICE_FAMILY = "1,2";
				TEST_TARGET_NAME = "Front End";
			};
			name = Release;
		};
/* End XCBuildConfiguration section */

/* Begin XCConfigurationList section */
		ECEBD05B2BC88497007F9D8A /* Build configuration list for PBXProject "Front End" */ = {
			isa = XCConfigurationList;
			buildConfigurations = (
				ECEBD0822BC88499007F9D8A /* Debug */,
				ECEBD0832BC88499007F9D8A /* Release */,
			);
			defaultConfigurationIsVisible = 0;
			defaultConfigurationName = Release;
		};
		ECEBD0842BC88499007F9D8A /* Build configuration list for PBXNativeTarget "Front End" */ = {
			isa = XCConfigurationList;
			buildConfigurations = (
				ECEBD0852BC88499007F9D8A /* Debug */,
				ECEBD0862BC88499007F9D8A /* Release */,
			);
			defaultConfigurationIsVisible = 0;
			defaultConfigurationName = Release;
		};
		ECEBD0872BC88499007F9D8A /* Build configuration list for PBXNativeTarget "Front EndTests" */ = {
			isa = XCConfigurationList;
			buildConfigurations = (
				ECEBD0882BC88499007F9D8A /* Debug */,
				ECEBD0892BC88499007F9D8A /* Release */,
			);
			defaultConfigurationIsVisible = 0;
			defaultConfigurationName = Release;
		};
		ECEBD08A2BC88499007F9D8A /* Build configuration list for PBXNativeTarget "Front EndUITests" */ = {
			isa = XCConfigurationList;
			buildConfigurations = (
				ECEBD08B2BC88499007F9D8A /* Debug */,
				ECEBD08C2BC88499007F9D8A /* Release */,
			);
			defaultConfigurationIsVisible = 0;
			defaultConfigurationName = Release;
		};
/* End XCConfigurationList section */
	};
	rootObject = ECEBD0582BC88497007F9D8A /* Project object */;
}
